
Microsoft Visual Studio Solution File, Format Version 12.00
# Visual Studio 2017
Project("{FAE04EC0-301F-11D3-BF4B-00C04F79EFBC}") = "GameJam-November-2017", "GameJam-November-2017.csproj", "{2B24E8D9-4A4F-EF53-30B5-4246D830D80E}"
EndProject
Project("{FAE04EC0-301F-11D3-BF4B-00C04F79EFBC}") = "GameJam-November-2017.Plugins", "GameJam-November-2017.Plugins.csproj", "{7B1E05CE-A14A-000B-2E64-FB67F4CD2157}"
EndProject
Project("{FAE04EC0-301F-11D3-BF4B-00C04F79EFBC}") = "GameJam-November-2017.Editor.Plugins", "GameJam-November-2017.Editor.Plugins.csproj", "{D3F50791-193B-6100-F7FC-91D862FCAFDC}"
EndProject
Global
	GlobalSection(SolutionConfigurationPlatforms) = preSolution
		Debug|Any CPU = Debug|Any CPU
		Release|Any CPU = Release|Any CPU
	EndGlobalSection
	GlobalSection(ProjectConfigurationPlatforms) = postSolution
		{2B24E8D9-4A4F-EF53-30B5-4246D830D80E}.Debug|Any CPU.ActiveCfg = Debug|Any CPU
		{2B24E8D9-4A4F-EF53-30B5-4246D830D80E}.Debug|Any CPU.Build.0 = Debug|Any CPU
		{2B24E8D9-4A4F-EF53-30B5-4246D830D80E}.Release|Any CPU.ActiveCfg = Release|Any CPU
		{2B24E8D9-4A4F-EF53-30B5-4246D830D80E}.Release|Any CPU.Build.0 = Release|Any CPU
		{7B1E05CE-A14A-000B-2E64-FB67F4CD2157}.Debug|Any CPU.ActiveCfg = Debug|Any CPU
		{7B1E05CE-A14A-000B-2E64-FB67F4CD2157}.Debug|Any CPU.Build.0 = Debug|Any CPU
		{7B1E05CE-A14A-000B-2E64-FB67F4CD2157}.Release|Any CPU.ActiveCfg = Release|Any CPU
		{7B1E05CE-A14A-000B-2E64-FB67F4CD2157}.Release|Any CPU.Build.0 = Release|Any CPU
		{D3F50791-193B-6100-F7FC-91D862FCAFDC}.Debug|Any CPU.ActiveCfg = Debug|Any CPU
		{D3F50791-193B-6100-F7FC-91D862FCAFDC}.Debug|Any CPU.Build.0 = Debug|Any CPU
		{D3F50791-193B-6100-F7FC-91D862FCAFDC}.Release|Any CPU.ActiveCfg = Release|Any CPU
		{D3F50791-193B-6100-F7FC-91D862FCAFDC}.Release|Any CPU.Build.0 = Release|Any CPU
	EndGlobalSection
	GlobalSection(SolutionProperties) = preSolution
		HideSolutionNode = FALSE
	EndGlobalSection
EndGlobal
